
Microsoft Visual Studio Solution File, Format Version 12.00
# Visual Studio Version 17
VisualStudioVersion = 17.0.31903.59
MinimumVisualStudioVersion = 10.0.40219.1
Project("{9A19103F-16F7-4668-BE54-9A1E7A4F7556}") = "TSqlEf", "TSqlEf\TSqlEf.csproj", "{6A03586E-5A4F-4203-8FB4-55CC5CA2CFF2}"
EndProject
Project("{9A19103F-16F7-4668-BE54-9A1E7A4F7556}") = "Chapter2", "Chapter2\Chapter2.csproj", "{6A0150EB-3640-4C29-A9EB-CE695549B9D1}"
EndProject
Project("{9A19103F-16F7-4668-BE54-9A1E7A4F7556}") = "Chapter2p35", "Chapter2p35\Chapter2p35.csproj", "{41D672C9-11E9-436E-98DD-FC7B845B6BF2}"
EndProject
Project("{9A19103F-16F7-4668-BE54-9A1E7A4F7556}") = "Chapter2p40", "Chapter2p40\Chapter2p40.csproj", "{580AC312-1E84-482F-BF98-8007D5ECF587}"
EndProject
Project("{9A19103F-16F7-4668-BE54-9A1E7A4F7556}") = "Chapter2p48", "Chapter2p48\Chapter2p48.csproj", "{7F847CA2-FB17-43AE-BCF1-DFA9F8CFBE2F}"
EndProject
Project("{9A19103F-16F7-4668-BE54-9A1E7A4F7556}") = "Chapter3p104", "Chapter3p104\Chapter3p104.csproj", "{E6DF2BF1-AD59-49D7-AE65-487AD95E9472}"
EndProject
Project("{9A19103F-16F7-4668-BE54-9A1E7A4F7556}") = "Chapter3p114", "Chapter3p114\Chapter3p114.csproj", "{2EBCB833-502C-49FE-A63C-4F23B99A5A2E}"
EndProject
Project("{9A19103F-16F7-4668-BE54-9A1E7A4F7556}") = "QueryProjectTemplate", "QueryProjectTemplate\QueryProjectTemplate.csproj", "{A14F1706-7DF0-4D31-84CF-DE7463206BAE}"
EndProject
Project("{9A19103F-16F7-4668-BE54-9A1E7A4F7556}") = "Chapter3p113", "Chapter3p113\Chapter3p113.csproj", "{46AAD41A-E8D2-4C01-A170-92C3127DD3CA}"
EndProject
Project("{9A19103F-16F7-4668-BE54-9A1E7A4F7556}") = "Chapter3e1-1", "Chapter3e1-1\Chapter3e1-1.csproj", "{601470C9-A0D0-4646-AF32-AA7456BA77C7}"
EndProject
Project("{9A19103F-16F7-4668-BE54-9A1E7A4F7556}") = "Chapter3e1-2", "Chapter3e1-2\Chapter3e1-2.csproj", "{BFEECDAA-E5A7-483C-B973-50562EC9C7BE}"
EndProject
Project("{9A19103F-16F7-4668-BE54-9A1E7A4F7556}") = "Chapter3e3", "Chapter3e3\Chapter3e3.csproj", "{EE00102A-6AFE-43E3-A0B8-525669E3D128}"
EndProject
Project("{9A19103F-16F7-4668-BE54-9A1E7A4F7556}") = "Chapter3e4", "Chapter3e4\Chapter3e4.csproj", "{34A86CDE-04AA-49E8-8BC4-1E39FEAE6763}"
EndProject
Project("{FAE04EC0-301F-11D3-BF4B-00C04F79EFBC}") = "Chapter3e7", "Chapter3e7\Chapter3e7.csproj", "{BD6D4E1A-A3B8-4953-8AFB-8352DC2D9675}"
EndProject
Project("{FAE04EC0-301F-11D3-BF4B-00C04F79EFBC}") = "Chapter4p134", "Chapter4p134\Chapter4p134.csproj", "{40686292-5AA4-491B-9EDE-0BC9239B17AD}"
EndProject
Project("{FAE04EC0-301F-11D3-BF4B-00C04F79EFBC}") = "Chapter4p136", "Chapter4p136\Chapter4p136.csproj", "{7541B61D-C398-4A7D-9B92-02D7C28AC6F4}"
EndProject
Project("{FAE04EC0-301F-11D3-BF4B-00C04F79EFBC}") = "Chapter4p138", "Chapter4p138\Chapter4p138.csproj", "{7B621B16-06CC-4443-A8EF-C128E1A3F03C}"
EndProject
Project("{FAE04EC0-301F-11D3-BF4B-00C04F79EFBC}") = "Chapter4p139", "Chapter4p139\Chapter4p139.csproj", "{F5C0725A-CF85-41E6-AD71-8039EE7F2DE0}"
EndProject
Project("{FAE04EC0-301F-11D3-BF4B-00C04F79EFBC}") = "Chapter4p141", "Chapter4p141\Chapter4p141.csproj", "{28F88CD0-B8F0-4EFF-95B6-330B29027BE4}"
EndProject
Project("{FAE04EC0-301F-11D3-BF4B-00C04F79EFBC}") = "Chapter4p141b", "Chapter4p141b\Chapter4p141b.csproj", "{F1E5F3B6-2FB8-48A2-A50C-2B625C852DAD}"
EndProject
Project("{FAE04EC0-301F-11D3-BF4B-00C04F79EFBC}") = "Chapter4p143", "Chapter4p143\Chapter4p143.csproj", "{995AA099-04F8-4961-BC89-F66B37E0C70B}"
EndProject
Project("{FAE04EC0-301F-11D3-BF4B-00C04F79EFBC}") = "Chapter4p145", "Chapter4p145\Chapter4p145.csproj", "{2E9FD0A1-9DF5-4BE4-96B6-1A49F00BE338}"
EndProject
Project("{FAE04EC0-301F-11D3-BF4B-00C04F79EFBC}") = "Chapter4p146", "Chapter4p146\Chapter4p146.csproj", "{66DC1E6B-B9D9-4163-80D7-C0C8A86FDF8D}"
EndProject
Project("{FAE04EC0-301F-11D3-BF4B-00C04F79EFBC}") = "Chapter4e1", "Chapter4e1\Chapter4e1.csproj", "{E03A1210-5E1C-4EFF-B72F-EEB1F02C5F42}"
EndProject
Global
	GlobalSection(SolutionConfigurationPlatforms) = preSolution
		Debug|Any CPU = Debug|Any CPU
		Release|Any CPU = Release|Any CPU
	EndGlobalSection
	GlobalSection(ProjectConfigurationPlatforms) = postSolution
		{6A03586E-5A4F-4203-8FB4-55CC5CA2CFF2}.Debug|Any CPU.ActiveCfg = Debug|Any CPU
		{6A03586E-5A4F-4203-8FB4-55CC5CA2CFF2}.Debug|Any CPU.Build.0 = Debug|Any CPU
		{6A03586E-5A4F-4203-8FB4-55CC5CA2CFF2}.Release|Any CPU.ActiveCfg = Release|Any CPU
		{6A03586E-5A4F-4203-8FB4-55CC5CA2CFF2}.Release|Any CPU.Build.0 = Release|Any CPU
		{6A0150EB-3640-4C29-A9EB-CE695549B9D1}.Debug|Any CPU.ActiveCfg = Debug|Any CPU
		{6A0150EB-3640-4C29-A9EB-CE695549B9D1}.Debug|Any CPU.Build.0 = Debug|Any CPU
		{6A0150EB-3640-4C29-A9EB-CE695549B9D1}.Release|Any CPU.ActiveCfg = Release|Any CPU
		{6A0150EB-3640-4C29-A9EB-CE695549B9D1}.Release|Any CPU.Build.0 = Release|Any CPU
		{41D672C9-11E9-436E-98DD-FC7B845B6BF2}.Debug|Any CPU.ActiveCfg = Debug|Any CPU
		{41D672C9-11E9-436E-98DD-FC7B845B6BF2}.Debug|Any CPU.Build.0 = Debug|Any CPU
		{41D672C9-11E9-436E-98DD-FC7B845B6BF2}.Release|Any CPU.ActiveCfg = Release|Any CPU
		{41D672C9-11E9-436E-98DD-FC7B845B6BF2}.Release|Any CPU.Build.0 = Release|Any CPU
		{580AC312-1E84-482F-BF98-8007D5ECF587}.Debug|Any CPU.ActiveCfg = Debug|Any CPU
		{580AC312-1E84-482F-BF98-8007D5ECF587}.Debug|Any CPU.Build.0 = Debug|Any CPU
		{580AC312-1E84-482F-BF98-8007D5ECF587}.Release|Any CPU.ActiveCfg = Release|Any CPU
		{580AC312-1E84-482F-BF98-8007D5ECF587}.Release|Any CPU.Build.0 = Release|Any CPU
		{7F847CA2-FB17-43AE-BCF1-DFA9F8CFBE2F}.Debug|Any CPU.ActiveCfg = Debug|Any CPU
		{7F847CA2-FB17-43AE-BCF1-DFA9F8CFBE2F}.Debug|Any CPU.Build.0 = Debug|Any CPU
		{7F847CA2-FB17-43AE-BCF1-DFA9F8CFBE2F}.Release|Any CPU.ActiveCfg = Release|Any CPU
		{7F847CA2-FB17-43AE-BCF1-DFA9F8CFBE2F}.Release|Any CPU.Build.0 = Release|Any CPU
		{E6DF2BF1-AD59-49D7-AE65-487AD95E9472}.Debug|Any CPU.ActiveCfg = Debug|Any CPU
		{E6DF2BF1-AD59-49D7-AE65-487AD95E9472}.Debug|Any CPU.Build.0 = Debug|Any CPU
		{E6DF2BF1-AD59-49D7-AE65-487AD95E9472}.Release|Any CPU.ActiveCfg = Release|Any CPU
		{E6DF2BF1-AD59-49D7-AE65-487AD95E9472}.Release|Any CPU.Build.0 = Release|Any CPU
		{2EBCB833-502C-49FE-A63C-4F23B99A5A2E}.Debug|Any CPU.ActiveCfg = Debug|Any CPU
		{2EBCB833-502C-49FE-A63C-4F23B99A5A2E}.Debug|Any CPU.Build.0 = Debug|Any CPU
		{2EBCB833-502C-49FE-A63C-4F23B99A5A2E}.Release|Any CPU.ActiveCfg = Release|Any CPU
		{2EBCB833-502C-49FE-A63C-4F23B99A5A2E}.Release|Any CPU.Build.0 = Release|Any CPU
		{A14F1706-7DF0-4D31-84CF-DE7463206BAE}.Debug|Any CPU.ActiveCfg = Debug|Any CPU
		{A14F1706-7DF0-4D31-84CF-DE7463206BAE}.Debug|Any CPU.Build.0 = Debug|Any CPU
		{A14F1706-7DF0-4D31-84CF-DE7463206BAE}.Release|Any CPU.ActiveCfg = Release|Any CPU
		{A14F1706-7DF0-4D31-84CF-DE7463206BAE}.Release|Any CPU.Build.0 = Release|Any CPU
		{46AAD41A-E8D2-4C01-A170-92C3127DD3CA}.Debug|Any CPU.ActiveCfg = Debug|Any CPU
		{46AAD41A-E8D2-4C01-A170-92C3127DD3CA}.Debug|Any CPU.Build.0 = Debug|Any CPU
		{46AAD41A-E8D2-4C01-A170-92C3127DD3CA}.Release|Any CPU.ActiveCfg = Release|Any CPU
		{46AAD41A-E8D2-4C01-A170-92C3127DD3CA}.Release|Any CPU.Build.0 = Release|Any CPU
		{601470C9-A0D0-4646-AF32-AA7456BA77C7}.Debug|Any CPU.ActiveCfg = Debug|Any CPU
		{601470C9-A0D0-4646-AF32-AA7456BA77C7}.Debug|Any CPU.Build.0 = Debug|Any CPU
		{601470C9-A0D0-4646-AF32-AA7456BA77C7}.Release|Any CPU.ActiveCfg = Release|Any CPU
		{601470C9-A0D0-4646-AF32-AA7456BA77C7}.Release|Any CPU.Build.0 = Release|Any CPU
		{BFEECDAA-E5A7-483C-B973-50562EC9C7BE}.Debug|Any CPU.ActiveCfg = Debug|Any CPU
		{BFEECDAA-E5A7-483C-B973-50562EC9C7BE}.Debug|Any CPU.Build.0 = Debug|Any CPU
		{BFEECDAA-E5A7-483C-B973-50562EC9C7BE}.Release|Any CPU.ActiveCfg = Release|Any CPU
		{BFEECDAA-E5A7-483C-B973-50562EC9C7BE}.Release|Any CPU.Build.0 = Release|Any CPU
		{EE00102A-6AFE-43E3-A0B8-525669E3D128}.Debug|Any CPU.ActiveCfg = Debug|Any CPU
		{EE00102A-6AFE-43E3-A0B8-525669E3D128}.Debug|Any CPU.Build.0 = Debug|Any CPU
		{EE00102A-6AFE-43E3-A0B8-525669E3D128}.Release|Any CPU.ActiveCfg = Release|Any CPU
		{EE00102A-6AFE-43E3-A0B8-525669E3D128}.Release|Any CPU.Build.0 = Release|Any CPU
		{34A86CDE-04AA-49E8-8BC4-1E39FEAE6763}.Debug|Any CPU.ActiveCfg = Debug|Any CPU
		{34A86CDE-04AA-49E8-8BC4-1E39FEAE6763}.Debug|Any CPU.Build.0 = Debug|Any CPU
		{34A86CDE-04AA-49E8-8BC4-1E39FEAE6763}.Release|Any CPU.ActiveCfg = Release|Any CPU
		{34A86CDE-04AA-49E8-8BC4-1E39FEAE6763}.Release|Any CPU.Build.0 = Release|Any CPU
		{BD6D4E1A-A3B8-4953-8AFB-8352DC2D9675}.Debug|Any CPU.ActiveCfg = Debug|Any CPU
		{BD6D4E1A-A3B8-4953-8AFB-8352DC2D9675}.Debug|Any CPU.Build.0 = Debug|Any CPU
		{BD6D4E1A-A3B8-4953-8AFB-8352DC2D9675}.Release|Any CPU.ActiveCfg = Release|Any CPU
		{BD6D4E1A-A3B8-4953-8AFB-8352DC2D9675}.Release|Any CPU.Build.0 = Release|Any CPU
		{40686292-5AA4-491B-9EDE-0BC9239B17AD}.Debug|Any CPU.ActiveCfg = Debug|Any CPU
		{40686292-5AA4-491B-9EDE-0BC9239B17AD}.Debug|Any CPU.Build.0 = Debug|Any CPU
		{40686292-5AA4-491B-9EDE-0BC9239B17AD}.Release|Any CPU.ActiveCfg = Release|Any CPU
		{40686292-5AA4-491B-9EDE-0BC9239B17AD}.Release|Any CPU.Build.0 = Release|Any CPU
		{7541B61D-C398-4A7D-9B92-02D7C28AC6F4}.Debug|Any CPU.ActiveCfg = Debug|Any CPU
		{7541B61D-C398-4A7D-9B92-02D7C28AC6F4}.Debug|Any CPU.Build.0 = Debug|Any CPU
		{7541B61D-C398-4A7D-9B92-02D7C28AC6F4}.Release|Any CPU.ActiveCfg = Release|Any CPU
		{7541B61D-C398-4A7D-9B92-02D7C28AC6F4}.Release|Any CPU.Build.0 = Release|Any CPU
		{7B621B16-06CC-4443-A8EF-C128E1A3F03C}.Debug|Any CPU.ActiveCfg = Debug|Any CPU
		{7B621B16-06CC-4443-A8EF-C128E1A3F03C}.Debug|Any CPU.Build.0 = Debug|Any CPU
		{7B621B16-06CC-4443-A8EF-C128E1A3F03C}.Release|Any CPU.ActiveCfg = Release|Any CPU
		{7B621B16-06CC-4443-A8EF-C128E1A3F03C}.Release|Any CPU.Build.0 = Release|Any CPU
		{F5C0725A-CF85-41E6-AD71-8039EE7F2DE0}.Debug|Any CPU.ActiveCfg = Debug|Any CPU
		{F5C0725A-CF85-41E6-AD71-8039EE7F2DE0}.Debug|Any CPU.Build.0 = Debug|Any CPU
		{F5C0725A-CF85-41E6-AD71-8039EE7F2DE0}.Release|Any CPU.ActiveCfg = Release|Any CPU
		{F5C0725A-CF85-41E6-AD71-8039EE7F2DE0}.Release|Any CPU.Build.0 = Release|Any CPU
		{28F88CD0-B8F0-4EFF-95B6-330B29027BE4}.Debug|Any CPU.ActiveCfg = Debug|Any CPU
		{28F88CD0-B8F0-4EFF-95B6-330B29027BE4}.Debug|Any CPU.Build.0 = Debug|Any CPU
		{28F88CD0-B8F0-4EFF-95B6-330B29027BE4}.Release|Any CPU.ActiveCfg = Release|Any CPU
		{28F88CD0-B8F0-4EFF-95B6-330B29027BE4}.Release|Any CPU.Build.0 = Release|Any CPU
		{F1E5F3B6-2FB8-48A2-A50C-2B625C852DAD}.Debug|Any CPU.ActiveCfg = Debug|Any CPU
		{F1E5F3B6-2FB8-48A2-A50C-2B625C852DAD}.Debug|Any CPU.Build.0 = Debug|Any CPU
		{F1E5F3B6-2FB8-48A2-A50C-2B625C852DAD}.Release|Any CPU.ActiveCfg = Release|Any CPU
		{F1E5F3B6-2FB8-48A2-A50C-2B625C852DAD}.Release|Any CPU.Build.0 = Release|Any CPU
		{995AA099-04F8-4961-BC89-F66B37E0C70B}.Debug|Any CPU.ActiveCfg = Debug|Any CPU
		{995AA099-04F8-4961-BC89-F66B37E0C70B}.Debug|Any CPU.Build.0 = Debug|Any CPU
		{995AA099-04F8-4961-BC89-F66B37E0C70B}.Release|Any CPU.ActiveCfg = Release|Any CPU
		{995AA099-04F8-4961-BC89-F66B37E0C70B}.Release|Any CPU.Build.0 = Release|Any CPU
		{2E9FD0A1-9DF5-4BE4-96B6-1A49F00BE338}.Debug|Any CPU.ActiveCfg = Debug|Any CPU
		{2E9FD0A1-9DF5-4BE4-96B6-1A49F00BE338}.Debug|Any CPU.Build.0 = Debug|Any CPU
		{2E9FD0A1-9DF5-4BE4-96B6-1A49F00BE338}.Release|Any CPU.ActiveCfg = Release|Any CPU
		{2E9FD0A1-9DF5-4BE4-96B6-1A49F00BE338}.Release|Any CPU.Build.0 = Release|Any CPU
		{66DC1E6B-B9D9-4163-80D7-C0C8A86FDF8D}.Debug|Any CPU.ActiveCfg = Debug|Any CPU
		{66DC1E6B-B9D9-4163-80D7-C0C8A86FDF8D}.Debug|Any CPU.Build.0 = Debug|Any CPU
		{66DC1E6B-B9D9-4163-80D7-C0C8A86FDF8D}.Release|Any CPU.ActiveCfg = Release|Any CPU
		{66DC1E6B-B9D9-4163-80D7-C0C8A86FDF8D}.Release|Any CPU.Build.0 = Release|Any CPU
		{E03A1210-5E1C-4EFF-B72F-EEB1F02C5F42}.Debug|Any CPU.ActiveCfg = Debug|Any CPU
		{E03A1210-5E1C-4EFF-B72F-EEB1F02C5F42}.Debug|Any CPU.Build.0 = Debug|Any CPU
		{E03A1210-5E1C-4EFF-B72F-EEB1F02C5F42}.Release|Any CPU.ActiveCfg = Release|Any CPU
		{E03A1210-5E1C-4EFF-B72F-EEB1F02C5F42}.Release|Any CPU.Build.0 = Release|Any CPU
	EndGlobalSection
	GlobalSection(SolutionProperties) = preSolution
		HideSolutionNode = FALSE
	EndGlobalSection
	GlobalSection(ExtensibilityGlobals) = postSolution
		SolutionGuid = {745BE214-4CB3-4D83-B346-FD374B7E25DC}
	EndGlobalSection
EndGlobal
